// !$*UTF8*$!
{
	archiveVersion = 1;
	classes = {
	};
	objectVersion = 50;
	objects = {

/* Begin PBXBuildFile section */
		6ED4B2642677321900982F5D /* AppDelegate.swift in Sources */ = {isa = PBXBuildFile; fileRef = 6ED4B2632677321900982F5D /* AppDelegate.swift */; };
		6ED4B2662677321900982F5D /* SceneDelegate.swift in Sources */ = {isa = PBXBuildFile; fileRef = 6ED4B2652677321900982F5D /* SceneDelegate.swift */; };
		6ED4B2682677321900982F5D /* ViewController.swift in Sources */ = {isa = PBXBuildFile; fileRef = 6ED4B2672677321900982F5D /* ViewController.swift */; };
		6ED4B26B2677321900982F5D /* Main.storyboard in Resources */ = {isa = PBXBuildFile; fileRef = 6ED4B2692677321900982F5D /* Main.storyboard */; };
		6ED4B26E2677321900982F5D /* AdvancedMulticontext.xcdatamodeld in Sources */ = {isa = PBXBuildFile; fileRef = 6ED4B26C2677321900982F5D /* AdvancedMulticontext.xcdatamodeld */; };
		6ED4B2702677321B00982F5D /* Assets.xcassets in Resources */ = {isa = PBXBuildFile; fileRef = 6ED4B26F2677321B00982F5D /* Assets.xcassets */; };
		6ED4B2732677321B00982F5D /* LaunchScreen.storyboard in Resources */ = {isa = PBXBuildFile; fileRef = 6ED4B2712677321B00982F5D /* LaunchScreen.storyboard */; };
		6ED4B27C267732FF00982F5D /* MultiContextCoreData+CoreDataClass.swift in Sources */ = {isa = PBXBuildFile; fileRef = 6ED4B27A267732FF00982F5D /* MultiContextCoreData+CoreDataClass.swift */; };
		6ED4B27D267732FF00982F5D /* MultiContextCoreData+CoreDataProperties.swift in Sources */ = {isa = PBXBuildFile; fileRef = 6ED4B27B267732FF00982F5D /* MultiContextCoreData+CoreDataProperties.swift */; };
		6ED4B27F267738BC00982F5D /* DemoCell.swift in Sources */ = {isa = PBXBuildFile; fileRef = 6ED4B27E267738BC00982F5D /* DemoCell.swift */; };
		6ED4B28426773AE700982F5D /* ApiCall.swift in Sources */ = {isa = PBXBuildFile; fileRef = 6ED4B28326773AE700982F5D /* ApiCall.swift */; };
		6ED4B28726773B4200982F5D /* HelperClass.swift in Sources */ = {isa = PBXBuildFile; fileRef = 6ED4B28626773B4200982F5D /* HelperClass.swift */; };
/* End PBXBuildFile section */

/* Begin PBXFileReference section */
		6ED4B2602677321900982F5D /* AdvancedMulticontext.app */ = {isa = PBXFileReference; explicitFileType = wrapper.application; includeInIndex = 0; path = AdvancedMulticontext.app; sourceTree = BUILT_PRODUCTS_DIR; };
		6ED4B2632677321900982F5D /* AppDelegate.swift */ = {isa = PBXFileReference; lastKnownFileType = sourcecode.swift; path = AppDelegate.swift; sourceTree = "<group>"; };
		6ED4B2652677321900982F5D /* SceneDelegate.swift */ = {isa = PBXFileReference; lastKnownFileType = sourcecode.swift; path = SceneDelegate.swift; sourceTree = "<group>"; };
		6ED4B2672677321900982F5D /* ViewController.swift */ = {isa = PBXFileReference; lastKnownFileType = sourcecode.swift; path = ViewController.swift; sourceTree = "<group>"; };
		6ED4B26A2677321900982F5D /* Base */ = {isa = PBXFileReference; lastKnownFileType = file.storyboard; name = Base; path = Base.lproj/Main.storyboard; sourceTree = "<group>"; };
		6ED4B26D2677321900982F5D /* AdvancedMulticontext.xcdatamodel */ = {isa = PBXFileReference; lastKnownFileType = wrapper.xcdatamodel; path = AdvancedMulticontext.xcdatamodel; sourceTree = "<group>"; };
		6ED4B26F2677321B00982F5D /* Assets.xcassets */ = {isa = PBXFileReference; lastKnownFileType = folder.assetcatalog; path = Assets.xcassets; sourceTree = "<group>"; };
		6ED4B2722677321B00982F5D /* Base */ = {isa = PBXFileReference; lastKnownFileType = file.storyboard; name = Base; path = Base.lproj/LaunchScreen.storyboard; sourceTree = "<group>"; };
		6ED4B2742677321B00982F5D /* Info.plist */ = {isa = PBXFileReference; lastKnownFileType = text.plist.xml; path = Info.plist; sourceTree = "<group>"; };
		6ED4B27A267732FF00982F5D /* MultiContextCoreData+CoreDataClass.swift */ = {isa = PBXFileReference; lastKnownFileType = sourcecode.swift; path = "MultiContextCoreData+CoreDataClass.swift"; sourceTree = "<group>"; };
		6ED4B27B267732FF00982F5D /* MultiContextCoreData+CoreDataProperties.swift */ = {isa = PBXFileReference; lastKnownFileType = sourcecode.swift; path = "MultiContextCoreData+CoreDataProperties.swift"; sourceTree = "<group>"; };
		6ED4B27E267738BC00982F5D /* DemoCell.swift */ = {isa = PBXFileReference; fileEncoding = 4; lastKnownFileType = sourcecode.swift; path = DemoCell.swift; sourceTree = "<group>"; };
		6ED4B28326773AE700982F5D /* ApiCall.swift */ = {isa = PBXFileReference; lastKnownFileType = sourcecode.swift; path = ApiCall.swift; sourceTree = "<group>"; };
		6ED4B28626773B4200982F5D /* HelperClass.swift */ = {isa = PBXFileReference; lastKnownFileType = sourcecode.swift; path = HelperClass.swift; sourceTree = "<group>"; };
/* End PBXFileReference section */

/* Begin PBXFrameworksBuildPhase section */
		6ED4B25D2677321900982F5D /* Frameworks */ = {
			isa = PBXFrameworksBuildPhase;
			buildActionMask = 2147483647;
			files = (
			);
			runOnlyForDeploymentPostprocessing = 0;
		};
/* End PBXFrameworksBuildPhase section */

/* Begin PBXGroup section */
		6ED4B2572677321900982F5D = {
			isa = PBXGroup;
			children = (
				6ED4B28526773B2B00982F5D /* Helper */,
				6ED4B28226773AC400982F5D /* Api */,
				6ED4B28026773A7F00982F5D /* MultiContextCoreData */,
				6ED4B2622677321900982F5D /* AdvancedMulticontext */,
				6ED4B2612677321900982F5D /* Products */,
			);
			sourceTree = "<group>";
		};
		6ED4B2612677321900982F5D /* Products */ = {
			isa = PBXGroup;
			children = (
				6ED4B2602677321900982F5D /* AdvancedMulticontext.app */,
			);
			name = Products;
			sourceTree = "<group>";
		};
		6ED4B2622677321900982F5D /* AdvancedMulticontext */ = {
			isa = PBXGroup;
			children = (
				6ED4B2632677321900982F5D /* AppDelegate.swift */,
				6ED4B2652677321900982F5D /* SceneDelegate.swift */,
				6ED4B2672677321900982F5D /* ViewController.swift */,
				6ED4B2692677321900982F5D /* Main.storyboard */,
				6ED4B26F2677321B00982F5D /* Assets.xcassets */,
				6ED4B2712677321B00982F5D /* LaunchScreen.storyboard */,
				6ED4B2742677321B00982F5D /* Info.plist */,
				6ED4B26C2677321900982F5D /* AdvancedMulticontext.xcdatamodeld */,
				6ED4B27E267738BC00982F5D /* DemoCell.swift */,
			);
			path = AdvancedMulticontext;
			sourceTree = "<group>";
		};
		6ED4B28026773A7F00982F5D /* MultiContextCoreData */ = {
			isa = PBXGroup;
			children = (
				6ED4B27A267732FF00982F5D /* MultiContextCoreData+CoreDataClass.swift */,
				6ED4B27B267732FF00982F5D /* MultiContextCoreData+CoreDataProperties.swift */,
			);
			path = MultiContextCoreData;
			sourceTree = "<group>";
		};
		6ED4B28226773AC400982F5D /* Api */ = {
			isa = PBXGroup;
			children = (
				6ED4B28326773AE700982F5D /* ApiCall.swift */,
			);
			path = Api;
			sourceTree = "<group>";
		};
		6ED4B28526773B2B00982F5D /* Helper */ = {
			isa = PBXGroup;
			children = (
				6ED4B28626773B4200982F5D /* HelperClass.swift */,
			);
			path = Helper;
			sourceTree = "<group>";
		};
/* End PBXGroup section */

/* Begin PBXNativeTarget section */
		6ED4B25F2677321900982F5D /* AdvancedMulticontext */ = {
			isa = PBXNativeTarget;
			buildConfigurationList = 6ED4B2772677321B00982F5D /* Build configuration list for PBXNativeTarget "AdvancedMulticontext" */;
			buildPhases = (
				6ED4B25C2677321900982F5D /* Sources */,
				6ED4B25D2677321900982F5D /* Frameworks */,
				6ED4B25E2677321900982F5D /* Resources */,
			);
			buildRules = (
			);
			dependencies = (
			);
			name = AdvancedMulticontext;
			productName = AdvancedMulticontext;
			productReference = 6ED4B2602677321900982F5D /* AdvancedMulticontext.app */;
			productType = "com.apple.product-type.application";
		};
/* End PBXNativeTarget section */

/* Begin PBXProject section */
		6ED4B2582677321900982F5D /* Project object */ = {
			isa = PBXProject;
			attributes = {
				LastSwiftUpdateCheck = 1250;
				LastUpgradeCheck = 1250;
				TargetAttributes = {
					6ED4B25F2677321900982F5D = {
						CreatedOnToolsVersion = 12.5;
					};
				};
			};
			buildConfigurationList = 6ED4B25B2677321900982F5D /* Build configuration list for PBXProject "AdvancedMulticontext" */;
			compatibilityVersion = "Xcode 9.3";
			developmentRegion = en;
			hasScannedForEncodings = 0;
			knownRegions = (
				en,
				Base,
			);
			mainGroup = 6ED4B2572677321900982F5D;
			productRefGroup = 6ED4B2612677321900982F5D /* Products */;
			projectDirPath = "";
			projectRoot = "";
			targets = (
				6ED4B25F2677321900982F5D /* AdvancedMulticontext */,
			);
		};
/* End PBXProject section */

/* Begin PBXResourcesBuildPhase section */
		6ED4B25E2677321900982F5D /* Resources */ = {
			isa = PBXResourcesBuildPhase;
			buildActionMask = 2147483647;
			files = (
				6ED4B2732677321B00982F5D /* LaunchScreen.storyboard in Resources */,
				6ED4B2702677321B00982F5D /* Assets.xcassets in Resources */,
				6ED4B26B2677321900982F5D /* Main.storyboard in Resources */,
			);
			runOnlyForDeploymentPostprocessing = 0;
		};
/* End PBXResourcesBuildPhase section */

/* Begin PBXSourcesBuildPhase section */
		6ED4B25C2677321900982F5D /* Sources */ = {
			isa = PBXSourcesBuildPhase;
			buildActionMask = 2147483647;
			files = (
				6ED4B2682677321900982F5D /* ViewController.swift in Sources */,
				6ED4B27F267738BC00982F5D /* DemoCell.swift in Sources */,
				6ED4B26E2677321900982F5D /* AdvancedMulticontext.xcdatamodeld in Sources */,
				6ED4B28726773B4200982F5D /* HelperClass.swift in Sources */,
				6ED4B27D267732FF00982F5D /* MultiContextCoreData+CoreDataProperties.swift in Sources */,
				6ED4B2642677321900982F5D /* AppDelegate.swift in Sources */,
				6ED4B27C267732FF00982F5D /* MultiContextCoreData+CoreDataClass.swift in Sources */,
				6ED4B28426773AE700982F5D /* ApiCall.swift in Sources */,
				6ED4B2662677321900982F5D /* SceneDelegate.swift in Sources */,
			);
			runOnlyForDeploymentPostprocessing = 0;
		};
/* End PBXSourcesBuildPhase section */

/* Begin PBXVariantGroup section */
		6ED4B2692677321900982F5D /* Main.storyboard */ = {
			isa = PBXVariantGroup;
			children = (
				6ED4B26A2677321900982F5D /* Base */,
			);
			name = Main.storyboard;
			sourceTree = "<group>";
		};
		6ED4B2712677321B00982F5D /* LaunchScreen.storyboard */ = {
			isa = PBXVariantGroup;
			children = (
				6ED4B2722677321B00982F5D /* Base */,
			);
			name = LaunchScreen.storyboard;
			sourceTree = "<group>";
		};
/* End PBXVariantGroup section */

/* Begin XCBuildConfiguration section */
		6ED4B2752677321B00982F5D /* Debug */ = {
			isa = XCBuildConfiguration;
			buildSettings = {
				ALWAYS_SEARCH_USER_PATHS = NO;
				CLANG_ANALYZER_NONNULL = YES;
				CLANG_ANALYZER_NUMBER_OBJECT_CONVERSION = YES_AGGRESSIVE;
				CLANG_CXX_LANGUAGE_STANDARD = "gnu++14";
				CLANG_CXX_LIBRARY = "libc++";
				CLANG_ENABLE_MODULES = YES;
				CLANG_ENABLE_OBJC_ARC = YES;
				CLANG_ENABLE_OBJC_WEAK = YES;
				CLANG_WARN_BLOCK_CAPTURE_AUTORELEASING = YES;
				CLANG_WARN_BOOL_CONVERSION = YES;
				CLANG_WARN_COMMA = YES;
				CLANG_WARN_CONSTANT_CONVERSION = YES;
				CLANG_WARN_DEPRECATED_OBJC_IMPLEMENTATIONS = YES;
				CLANG_WARN_DIRECT_OBJC_ISA_USAGE = YES_ERROR;
				CLANG_WARN_DOCUMENTATION_COMMENTS = YES;
				CLANG_WARN_EMPTY_BODY = YES;
				CLANG_WARN_ENUM_CONVERSION = YES;
				CLANG_WARN_INFINITE_RECURSION = YES;
				CLANG_WARN_INT_CONVERSION = YES;
				CLANG_WARN_NON_LITERAL_NULL_CONVERSION = YES;
				CLANG_WARN_OBJC_IMPLICIT_RETAIN_SELF = YES;
				CLANG_WARN_OBJC_LITERAL_CONVERSION = YES;
				CLANG_WARN_OBJC_ROOT_CLASS = YES_ERROR;
				CLANG_WARN_QUOTED_INCLUDE_IN_FRAMEWORK_HEADER = YES;
				CLANG_WARN_RANGE_LOOP_ANALYSIS = YES;
				CLANG_WARN_STRICT_PROTOTYPES = YES;
				CLANG_WARN_SUSPICIOUS_MOVE = YES;
				CLANG_WARN_UNGUARDED_AVAILABILITY = YES_AGGRESSIVE;
				CLANG_WARN_UNREACHABLE_CODE = YES;
				CLANG_WARN__DUPLICATE_METHOD_MATCH = YES;
				COPY_PHASE_STRIP = NO;
				DEBUG_INFORMATION_FORMAT = dwarf;
				ENABLE_STRICT_OBJC_MSGSEND = YES;
				ENABLE_TESTABILITY = YES;
				GCC_C_LANGUAGE_STANDARD = gnu11;
				GCC_DYNAMIC_NO_PIC = NO;
				GCC_NO_COMMON_BLOCKS = YES;
				GCC_OPTIMIZATION_LEVEL = 0;
				GCC_PREPROCESSOR_DEFINITIONS = (
					"DEBUG=1",
					"$(inherited)",
				);
				GCC_WARN_64_TO_32_BIT_CONVERSION = YES;
				GCC_WARN_ABOUT_RETURN_TYPE = YES_ERROR;
				GCC_WARN_UNDECLARED_SELECTOR = YES;
				GCC_WARN_UNINITIALIZED_AUTOS = YES_AGGRESSIVE;
				GCC_WARN_UNUSED_FUNCTION = YES;
				GCC_WARN_UNUSED_VARIABLE = YES;
				IPHONEOS_DEPLOYMENT_TARGET = 14.5;
				MTL_ENABLE_DEBUG_INFO = INCLUDE_SOURCE;
				MTL_FAST_MATH = YES;
				ONLY_ACTIVE_ARCH = YES;
				SDKROOT = iphoneos;
				SWIFT_ACTIVE_COMPILATION_CONDITIONS = DEBUG;
				SWIFT_OPTIMIZATION_LEVEL = "-Onone";
			};
			name = Debug;
		};
		6ED4B2762677321B00982F5D /* Release */ = {
			isa = XCBuildConfiguration;
			buildSettings = {
				ALWAYS_SEARCH_USER_PATHS = NO;
				CLANG_ANALYZER_NONNULL = YES;
				CLANG_ANALYZER_NUMBER_OBJECT_CONVERSION = YES_AGGRESSIVE;
				CLANG_CXX_LANGUAGE_STANDARD = "gnu++14";
				CLANG_CXX_LIBRARY = "libc++";
				CLANG_ENABLE_MODULES = YES;
				CLANG_ENABLE_OBJC_ARC = YES;
				CLANG_ENABLE_OBJC_WEAK = YES;
				CLANG_WARN_BLOCK_CAPTURE_AUTORELEASING = YES;
				CLANG_WARN_BOOL_CONVERSION = YES;
				CLANG_WARN_COMMA = YES;
				CLANG_WARN_CONSTANT_CONVERSION = YES;
				CLANG_WARN_DEPRECATED_OBJC_IMPLEMENTATIONS = YES;
				CLANG_WARN_DIRECT_OBJC_ISA_USAGE = YES_ERROR;
				CLANG_WARN_DOCUMENTATION_COMMENTS = YES;
				CLANG_WARN_EMPTY_BODY = YES;
				CLANG_WARN_ENUM_CONVERSION = YES;
				CLANG_WARN_INFINITE_RECURSION = YES;
				CLANG_WARN_INT_CONVERSION = YES;
				CLANG_WARN_NON_LITERAL_NULL_CONVERSION = YES;
				CLANG_WARN_OBJC_IMPLICIT_RETAIN_SELF = YES;
				CLANG_WARN_OBJC_LITERAL_CONVERSION = YES;
				CLANG_WARN_OBJC_ROOT_CLASS = YES_ERROR;
				CLANG_WARN_QUOTED_INCLUDE_IN_FRAMEWORK_HEADER = YES;
				CLANG_WARN_RANGE_LOOP_ANALYSIS = YES;
				CLANG_WARN_STRICT_PROTOTYPES = YES;
				CLANG_WARN_SUSPICIOUS_MOVE = YES;
				CLANG_WARN_UNGUARDED_AVAILABILITY = YES_AGGRESSIVE;
				CLANG_WARN_UNREACHABLE_CODE = YES;
				CLANG_WARN__DUPLICATE_METHOD_MATCH = YES;
				COPY_PHASE_STRIP = NO;
				DEBUG_INFORMATION_FORMAT = "dwarf-with-dsym";
				ENABLE_NS_ASSERTIONS = NO;
				ENABLE_STRICT_OBJC_MSGSEND = YES;
				GCC_C_LANGUAGE_STANDARD = gnu11;
				GCC_NO_COMMON_BLOCKS = YES;
				GCC_WARN_64_TO_32_BIT_CONVERSION = YES;
				GCC_WARN_ABOUT_RETURN_TYPE = YES_ERROR;
				GCC_WARN_UNDECLARED_SELECTOR = YES;
				GCC_WARN_UNINITIALIZED_AUTOS = YES_AGGRESSIVE;
				GCC_WARN_UNUSED_FUNCTION = YES;
				GCC_WARN_UNUSED_VARIABLE = YES;
				IPHONEOS_DEPLOYMENT_TARGET = 14.5;
				MTL_ENABLE_DEBUG_INFO = NO;
				MTL_FAST_MATH = YES;
				SDKROOT = iphoneos;
				SWIFT_COMPILATION_MODE = wholemodule;
				SWIFT_OPTIMIZATION_LEVEL = "-O";
				VALIDATE_PRODUCT = YES;
			};
			name = Release;
		};
		6ED4B2782677321B00982F5D /* Debug */ = {
			isa = XCBuildConfiguration;
			buildSettings = {
				ASSETCATALOG_COMPILER_APPICON_NAME = AppIcon;
				ASSETCATALOG_COMPILER_GLOBAL_ACCENT_COLOR_NAME = AccentColor;
				CODE_SIGN_STYLE = Automatic;
				INFOPLIST_FILE = AdvancedMulticontext/Info.plist;
				LD_RUNPATH_SEARCH_PATHS = (
					"$(inherited)",
					"@executable_path/Frameworks",
				);
				PRODUCT_BUNDLE_IDENTIFIER = task.app.com.AdvancedMulticontext;
				PRODUCT_NAME = "$(TARGET_NAME)";
				SWIFT_VERSION = 5.0;
				TARGETED_DEVICE_FAMILY = "1,2";
			};
			name = Debug;
		};
		6ED4B2792677321B00982F5D /* Release */ = {
			isa = XCBuildConfiguration;
			buildSettings = {
				ASSETCATALOG_COMPILER_APPICON_NAME = AppIcon;
				ASSETCATALOG_COMPILER_GLOBAL_ACCENT_COLOR_NAME = AccentColor;
				CODE_SIGN_STYLE = Automatic;
				INFOPLIST_FILE = AdvancedMulticontext/Info.plist;
				LD_RUNPATH_SEARCH_PATHS = (
					"$(inherited)",
					"@executable_path/Frameworks",
				);
				PRODUCT_BUNDLE_IDENTIFIER = task.app.com.AdvancedMulticontext;
				PRODUCT_NAME = "$(TARGET_NAME)";
				SWIFT_VERSION = 5.0;
				TARGETED_DEVICE_FAMILY = "1,2";
			};
			name = Release;
		};
/* End XCBuildConfiguration section */

/* Begin XCConfigurationList section */
		6ED4B25B2677321900982F5D /* Build configuration list for PBXProject "AdvancedMulticontext" */ = {
			isa = XCConfigurationList;
			buildConfigurations = (
				6ED4B2752677321B00982F5D /* Debug */,
				6ED4B2762677321B00982F5D /* Release */,
			);
			defaultConfigurationIsVisible = 0;
			defaultConfigurationName = Release;
		};
		6ED4B2772677321B00982F5D /* Build configuration list for PBXNativeTarget "AdvancedMulticontext" */ = {
			isa = XCConfigurationList;
			buildConfigurations = (
				6ED4B2782677321B00982F5D /* Debug */,
				6ED4B2792677321B00982F5D /* Release */,
			);
			defaultConfigurationIsVisible = 0;
			defaultConfigurationName = Release;
		};
/* End XCConfigurationList section */

/* Begin XCVersionGroup section */
		6ED4B26C2677321900982F5D /* AdvancedMulticontext.xcdatamodeld */ = {
			isa = XCVersionGroup;
			children = (
				6ED4B26D2677321900982F5D /* AdvancedMulticontext.xcdatamodel */,
			);
			currentVersion = 6ED4B26D2677321900982F5D /* AdvancedMulticontext.xcdatamodel */;
			path = AdvancedMulticontext.xcdatamodeld;
			sourceTree = "<group>";
			versionGroupType = wrapper.xcdatamodel;
		};
/* End XCVersionGroup section */
	};
	rootObject = 6ED4B2582677321900982F5D /* Project object */;
}
